
Microsoft Visual Studio Solution File, Format Version 12.00
# Visual Studio Version 17
VisualStudioVersion = 17.2.32526.322
MinimumVisualStudioVersion = 10.0.40219.1
Project("{9A19103F-16F7-4668-BE54-9A1E7A4F7556}") = "SalesManagment.Domain", "SalesManagment.Domain\SalesManagment.Domain.csproj", "{E6321808-254E-4359-A363-B082C6BD09E8}"
EndProject
Project("{9A19103F-16F7-4668-BE54-9A1E7A4F7556}") = "SalesManagment.Context", "SalesManagment.Context\SalesManagment.Context.csproj", "{A756B333-1CDC-40FD-AE14-5C399CD7EA19}"
EndProject
Project("{9A19103F-16F7-4668-BE54-9A1E7A4F7556}") = "SalesManagment.Contract", "SalesManagment.Contrats\SalesManagment.Contract.csproj", "{3D5B8736-97CC-4C58-BAF1-705BD6E28934}"
EndProject
Project("{9A19103F-16F7-4668-BE54-9A1E7A4F7556}") = "SalesManagment.Application", "SalesManagment.Application\SalesManagment.Application.csproj", "{341A932B-63F3-490C-918B-DFC80272EC5A}"
EndProject
Project("{9A19103F-16F7-4668-BE54-9A1E7A4F7556}") = "SalesManagment.Api", "SalesManagment.WebApi\SalesManagment.Api.csproj", "{1FB7C8EC-5596-4AC2-8A64-9D46C4FAE520}"
EndProject
Global
	GlobalSection(SolutionConfigurationPlatforms) = preSolution
		Debug|Any CPU = Debug|Any CPU
		Release|Any CPU = Release|Any CPU
	EndGlobalSection
	GlobalSection(ProjectConfigurationPlatforms) = postSolution
		{E6321808-254E-4359-A363-B082C6BD09E8}.Debug|Any CPU.ActiveCfg = Debug|Any CPU
		{E6321808-254E-4359-A363-B082C6BD09E8}.Debug|Any CPU.Build.0 = Debug|Any CPU
		{E6321808-254E-4359-A363-B082C6BD09E8}.Release|Any CPU.ActiveCfg = Release|Any CPU
		{E6321808-254E-4359-A363-B082C6BD09E8}.Release|Any CPU.Build.0 = Release|Any CPU
		{A756B333-1CDC-40FD-AE14-5C399CD7EA19}.Debug|Any CPU.ActiveCfg = Debug|Any CPU
		{A756B333-1CDC-40FD-AE14-5C399CD7EA19}.Debug|Any CPU.Build.0 = Debug|Any CPU
		{A756B333-1CDC-40FD-AE14-5C399CD7EA19}.Release|Any CPU.ActiveCfg = Release|Any CPU
		{A756B333-1CDC-40FD-AE14-5C399CD7EA19}.Release|Any CPU.Build.0 = Release|Any CPU
		{3D5B8736-97CC-4C58-BAF1-705BD6E28934}.Debug|Any CPU.ActiveCfg = Debug|Any CPU
		{3D5B8736-97CC-4C58-BAF1-705BD6E28934}.Debug|Any CPU.Build.0 = Debug|Any CPU
		{3D5B8736-97CC-4C58-BAF1-705BD6E28934}.Release|Any CPU.ActiveCfg = Release|Any CPU
		{3D5B8736-97CC-4C58-BAF1-705BD6E28934}.Release|Any CPU.Build.0 = Release|Any CPU
		{341A932B-63F3-490C-918B-DFC80272EC5A}.Debug|Any CPU.ActiveCfg = Debug|Any CPU
		{341A932B-63F3-490C-918B-DFC80272EC5A}.Debug|Any CPU.Build.0 = Debug|Any CPU
		{341A932B-63F3-490C-918B-DFC80272EC5A}.Release|Any CPU.ActiveCfg = Release|Any CPU
		{341A932B-63F3-490C-918B-DFC80272EC5A}.Release|Any CPU.Build.0 = Release|Any CPU
		{1FB7C8EC-5596-4AC2-8A64-9D46C4FAE520}.Debug|Any CPU.ActiveCfg = Debug|Any CPU
		{1FB7C8EC-5596-4AC2-8A64-9D46C4FAE520}.Debug|Any CPU.Build.0 = Debug|Any CPU
		{1FB7C8EC-5596-4AC2-8A64-9D46C4FAE520}.Release|Any CPU.ActiveCfg = Release|Any CPU
		{1FB7C8EC-5596-4AC2-8A64-9D46C4FAE520}.Release|Any CPU.Build.0 = Release|Any CPU
	EndGlobalSection
	GlobalSection(SolutionProperties) = preSolution
		HideSolutionNode = FALSE
	EndGlobalSection
	GlobalSection(ExtensibilityGlobals) = postSolution
		SolutionGuid = {06FDDB76-2451-43CC-A572-249E24565A28}
	EndGlobalSection
EndGlobal
